
Microsoft Visual Studio Solution File, Format Version 12.00
# Visual Studio Version 16
VisualStudioVersion = 16.0.31025.194
MinimumVisualStudioVersion = 10.0.40219.1
Project("{FAE04EC0-301F-11D3-BF4B-00C04F79EFBC}") = "WoW Backup Companion", "WoW Backup Companion.csproj", "{FDBA0C7E-7D12-4AFF-8830-F3642559443D}"
EndProject
Global
	GlobalSection(SolutionConfigurationPlatforms) = preSolution
		Debug|Any CPU = Debug|Any CPU
		Release|Any CPU = Release|Any CPU
	EndGlobalSection
	GlobalSection(ProjectConfigurationPlatforms) = postSolution
		{FDBA0C7E-7D12-4AFF-8830-F3642559443D}.Debug|Any CPU.ActiveCfg = Debug|Any CPU
		{FDBA0C7E-7D12-4AFF-8830-F3642559443D}.Debug|Any CPU.Build.0 = Debug|Any CPU
		{FDBA0C7E-7D12-4AFF-8830-F3642559443D}.Release|Any CPU.ActiveCfg = Release|Any CPU
		{FDBA0C7E-7D12-4AFF-8830-F3642559443D}.Release|Any CPU.Build.0 = Release|Any CPU
	EndGlobalSection
	GlobalSection(SolutionProperties) = preSolution
		HideSolutionNode = FALSE
	EndGlobalSection
	GlobalSection(ExtensibilityGlobals) = postSolution
		SolutionGuid = {FAEEE610-6F02-43D4-A212-A6CD075F90E6}
	EndGlobalSection
EndGlobal
